{
  "requires": true,
  "lockfileVersion": 1,
  "dependencies": {
    "@types/core-js": {
      "version": "2.5.0",
      "resolved": "https://registry.npmjs.org/@types/core-js/-/core-js-2.5.0.tgz",
      "integrity": "sha512-qjkHL3wF0JMHMqgm/kmL8Pf8rIiqvueEiZ0g6NVTcBX1WN46GWDr+V5z+gsHUeL0n8TfAmXnYmF7ajsxmBp4PQ=="
    }
  }
}
